// !$*UTF8*$!
{
	archiveVersion = 1;
	classes = {
	};
	objectVersion = 46;
	objects = {

/* Begin PBXBuildFile section */
		5D66F1491DCE230C00F949C0 /* main.m in Sources */ = {isa = PBXBuildFile; fileRef = 5D66F1481DCE230C00F949C0 /* main.m */; };
		5D66F1511DCE236C00F949C0 /* CoreFoundation.framework in Frameworks */ = {isa = PBXBuildFile; fileRef = 5D66F1501DCE236C00F949C0 /* CoreFoundation.framework */; };
		5D66F1531DCE330100F949C0 /* Foundation.framework in Frameworks */ = {isa = PBXBuildFile; fileRef = 5D66F1521DCE330100F949C0 /* Foundation.framework */; };
/* End PBXBuildFile section */

/* Begin PBXCopyFilesBuildPhase section */
		5D66F1431DCE230C00F949C0 /* CopyFiles */ = {
			isa = PBXCopyFilesBuildPhase;
			buildActionMask = 2147483647;
			dstPath = /usr/share/man/man1/;
			dstSubfolderSpec = 0;
			files = (
			);
			runOnlyForDeploymentPostprocessing = 1;
		};
/* End PBXCopyFilesBuildPhase section */

/* Begin PBXFileReference section */
		5D66F1451DCE230C00F949C0 /* scrollbars */ = {isa = PBXFileReference; explicitFileType = "compiled.mach-o.executable"; includeInIndex = 0; path = scrollbars; sourceTree = BUILT_PRODUCTS_DIR; };
		5D66F1481DCE230C00F949C0 /* main.m */ = {isa = PBXFileReference; lastKnownFileType = sourcecode.c.objc; path = main.m; sourceTree = "<group>"; };
		5D66F1501DCE236C00F949C0 /* CoreFoundation.framework */ = {isa = PBXFileReference; lastKnownFileType = wrapper.framework; name = CoreFoundation.framework; path = System/Library/Frameworks/CoreFoundation.framework; sourceTree = SDKROOT; };
		5D66F1521DCE330100F949C0 /* Foundation.framework */ = {isa = PBXFileReference; lastKnownFileType = wrapper.framework; name = Foundation.framework; path = System/Library/Frameworks/Foundation.framework; sourceTree = SDKROOT; };
/* End PBXFileReference section */

/* Begin PBXFrameworksBuildPhase section */
		5D66F1421DCE230C00F949C0 /* Frameworks */ = {
			isa = PBXFrameworksBuildPhase;
			buildActionMask = 2147483647;
			files = (
				5D66F1531DCE330100F949C0 /* Foundation.framework in Frameworks */,
				5D66F1511DCE236C00F949C0 /* CoreFoundation.framework in Frameworks */,
			);
			runOnlyForDeploymentPostprocessing = 0;
		};
/* End PBXFrameworksBuildPhase section */

/* Begin PBXGroup section */
		5D66F13C1DCE230C00F949C0 = {
			isa = PBXGroup;
			children = (
				5D66F1471DCE230C00F949C0 /* scrollbars */,
				5D66F1461DCE230C00F949C0 /* Products */,
				5D66F14F1DCE236C00F949C0 /* Frameworks */,
			);
			sourceTree = "<group>";
		};
		5D66F1461DCE230C00F949C0 /* Products */ = {
			isa = PBXGroup;
			children = (
				5D66F1451DCE230C00F949C0 /* scrollbars */,
			);
			name = Products;
			sourceTree = "<group>";
		};
		5D66F1471DCE230C00F949C0 /* scrollbars */ = {
			isa = PBXGroup;
			children = (
				5D66F1481DCE230C00F949C0 /* main.m */,
			);
			path = scrollbars;
			sourceTree = "<group>";
		};
		5D66F14F1DCE236C00F949C0 /* Frameworks */ = {
			isa = PBXGroup;
			children = (
				5D66F1521DCE330100F949C0 /* Foundation.framework */,
				5D66F1501DCE236C00F949C0 /* CoreFoundation.framework */,
			);
			name = Frameworks;
			sourceTree = "<group>";
		};
/* End PBXGroup section */

/* Begin PBXNativeTarget section */
		5D66F1441DCE230C00F949C0 /* scrollbars */ = {
			isa = PBXNativeTarget;
			buildConfigurationList = 5D66F14C1DCE230C00F949C0 /* Build configuration list for PBXNativeTarget "scrollbars" */;
			buildPhases = (
				5D66F1411DCE230C00F949C0 /* Sources */,
				5D66F1421DCE230C00F949C0 /* Frameworks */,
				5D66F1431DCE230C00F949C0 /* CopyFiles */,
			);
			buildRules = (
			);
			dependencies = (
			);
			name = scrollbars;
			productName = scrollbars;
			productReference = 5D66F1451DCE230C00F949C0 /* scrollbars */;
			productType = "com.apple.product-type.tool";
		};
/* End PBXNativeTarget section */

/* Begin PBXProject section */
		5D66F13D1DCE230C00F949C0 /* Project object */ = {
			isa = PBXProject;
			attributes = {
				LastUpgradeCheck = 0810;
				ORGANIZATIONNAME = "Brandon LeBlanc";
				TargetAttributes = {
					5D66F1441DCE230C00F949C0 = {
						CreatedOnToolsVersion = 8.1;
						DevelopmentTeam = 27B2VM4KQX;
						ProvisioningStyle = Automatic;
					};
				};
			};
			buildConfigurationList = 5D66F1401DCE230C00F949C0 /* Build configuration list for PBXProject "scrollbars" */;
			compatibilityVersion = "Xcode 3.2";
			developmentRegion = English;
			hasScannedForEncodings = 0;
			knownRegions = (
				en,
			);
			mainGroup = 5D66F13C1DCE230C00F949C0;
			productRefGroup = 5D66F1461DCE230C00F949C0 /* Products */;
			projectDirPath = "";
			projectRoot = "";
			targets = (
				5D66F1441DCE230C00F949C0 /* scrollbars */,
			);
		};
/* End PBXProject section */

/* Begin PBXSourcesBuildPhase section */
		5D66F1411DCE230C00F949C0 /* Sources */ = {
			isa = PBXSourcesBuildPhase;
			buildActionMask = 2147483647;
			files = (
				5D66F1491DCE230C00F949C0 /* main.m in Sources */,
			);
			runOnlyForDeploymentPostprocessing = 0;
		};
/* End PBXSourcesBuildPhase section */

/* Begin XCBuildConfiguration section */
		5D66F14A1DCE230C00F949C0 /* Debug */ = {
			isa = XCBuildConfiguration;
			buildSettings = {
				ALWAYS_SEARCH_USER_PATHS = NO;
				CLANG_ANALYZER_NONNULL = YES;
				CLANG_CXX_LANGUAGE_STANDARD = "gnu++0x";
				CLANG_CXX_LIBRARY = "libc++";
				CLANG_ENABLE_MODULES = YES;
				CLANG_ENABLE_OBJC_ARC = YES;
				CLANG_WARN_BOOL_CONVERSION = YES;
				CLANG_WARN_CONSTANT_CONVERSION = YES;
				CLANG_WARN_DIRECT_OBJC_ISA_USAGE = YES_ERROR;
				CLANG_WARN_DOCUMENTATION_COMMENTS = YES;
				CLANG_WARN_EMPTY_BODY = YES;
				CLANG_WARN_ENUM_CONVERSION = YES;
				CLANG_WARN_INFINITE_RECURSION = YES;
				CLANG_WARN_INT_CONVERSION = YES;
				CLANG_WARN_OBJC_ROOT_CLASS = YES_ERROR;
				CLANG_WARN_SUSPICIOUS_MOVES = YES;
				CLANG_WARN_UNREACHABLE_CODE = YES;
				CLANG_WARN__DUPLICATE_METHOD_MATCH = YES;
				CODE_SIGN_IDENTITY = "-";
				COPY_PHASE_STRIP = NO;
				DEBUG_INFORMATION_FORMAT = dwarf;
				ENABLE_STRICT_OBJC_MSGSEND = YES;
				ENABLE_TESTABILITY = YES;
				GCC_C_LANGUAGE_STANDARD = gnu99;
				GCC_DYNAMIC_NO_PIC = NO;
				GCC_NO_COMMON_BLOCKS = YES;
				GCC_OPTIMIZATION_LEVEL = 0;
				GCC_PREPROCESSOR_DEFINITIONS = (
					"DEBUG=1",
					"$(inherited)",
				);
				GCC_WARN_64_TO_32_BIT_CONVERSION = YES;
				GCC_WARN_ABOUT_RETURN_TYPE = YES_ERROR;
				GCC_WARN_UNDECLARED_SELECTOR = YES;
				GCC_WARN_UNINITIALIZED_AUTOS = YES_AGGRESSIVE;
				GCC_WARN_UNUSED_FUNCTION = YES;
				GCC_WARN_UNUSED_VARIABLE = YES;
				MACOSX_DEPLOYMENT_TARGET = 10.12;
				MTL_ENABLE_DEBUG_INFO = YES;
				ONLY_ACTIVE_ARCH = YES;
				SDKROOT = macosx;
			};
			name = Debug;
		};
		5D66F14B1DCE230C00F949C0 /* Release */ = {
			isa = XCBuildConfiguration;
			buildSettings = {
				ALWAYS_SEARCH_USER_PATHS = NO;
				CLANG_ANALYZER_NONNULL = YES;
				CLANG_CXX_LANGUAGE_STANDARD = "gnu++0x";
				CLANG_CXX_LIBRARY = "libc++";
				CLANG_ENABLE_MODULES = YES;
				CLANG_ENABLE_OBJC_ARC = YES;
				CLANG_WARN_BOOL_CONVERSION = YES;
				CLANG_WARN_CONSTANT_CONVERSION = YES;
				CLANG_WARN_DIRECT_OBJC_ISA_USAGE = YES_ERROR;
				CLANG_WARN_DOCUMENTATION_COMMENTS = YES;
				CLANG_WARN_EMPTY_BODY = YES;
				CLANG_WARN_ENUM_CONVERSION = YES;
				CLANG_WARN_INFINITE_RECURSION = YES;
				CLANG_WARN_INT_CONVERSION = YES;
				CLANG_WARN_OBJC_ROOT_CLASS = YES_ERROR;
				CLANG_WARN_SUSPICIOUS_MOVES = YES;
				CLANG_WARN_UNREACHABLE_CODE = YES;
				CLANG_WARN__DUPLICATE_METHOD_MATCH = YES;
				CODE_SIGN_IDENTITY = "-";
				COPY_PHASE_STRIP = NO;
				DEBUG_INFORMATION_FORMAT = "dwarf-with-dsym";
				ENABLE_NS_ASSERTIONS = NO;
				ENABLE_STRICT_OBJC_MSGSEND = YES;
				GCC_C_LANGUAGE_STANDARD = gnu99;
				GCC_NO_COMMON_BLOCKS = YES;
				GCC_WARN_64_TO_32_BIT_CONVERSION = YES;
				GCC_WARN_ABOUT_RETURN_TYPE = YES_ERROR;
				GCC_WARN_UNDECLARED_SELECTOR = YES;
				GCC_WARN_UNINITIALIZED_AUTOS = YES_AGGRESSIVE;
				GCC_WARN_UNUSED_FUNCTION = YES;
				GCC_WARN_UNUSED_VARIABLE = YES;
				MACOSX_DEPLOYMENT_TARGET = 10.12;
				MTL_ENABLE_DEBUG_INFO = NO;
				SDKROOT = macosx;
			};
			name = Release;
		};
		5D66F14D1DCE230C00F949C0 /* Debug */ = {
			isa = XCBuildConfiguration;
			buildSettings = {
				CODE_SIGN_IDENTITY = "Mac Developer";
				DEVELOPMENT_TEAM = 27B2VM4KQX;
				MACOSX_DEPLOYMENT_TARGET = 10.6;
				PRODUCT_NAME = "$(TARGET_NAME)";
			};
			name = Debug;
		};
		5D66F14E1DCE230C00F949C0 /* Release */ = {
			isa = XCBuildConfiguration;
			buildSettings = {
				CODE_SIGN_IDENTITY = "Mac Developer";
				DEVELOPMENT_TEAM = 27B2VM4KQX;
				MACOSX_DEPLOYMENT_TARGET = 10.6;
				PRODUCT_NAME = "$(TARGET_NAME)";
			};
			name = Release;
		};
/* End XCBuildConfiguration section */

/* Begin XCConfigurationList section */
		5D66F1401DCE230C00F949C0 /* Build configuration list for PBXProject "scrollbars" */ = {
			isa = XCConfigurationList;
			buildConfigurations = (
				5D66F14A1DCE230C00F949C0 /* Debug */,
				5D66F14B1DCE230C00F949C0 /* Release */,
			);
			defaultConfigurationIsVisible = 0;
			defaultConfigurationName = Release;
		};
		5D66F14C1DCE230C00F949C0 /* Build configuration list for PBXNativeTarget "scrollbars" */ = {
			isa = XCConfigurationList;
			buildConfigurations = (
				5D66F14D1DCE230C00F949C0 /* Debug */,
				5D66F14E1DCE230C00F949C0 /* Release */,
			);
			defaultConfigurationIsVisible = 0;
		};
/* End XCConfigurationList section */
	};
	rootObject = 5D66F13D1DCE230C00F949C0 /* Project object */;
}
